
Microsoft Visual Studio Solution File, Format Version 12.00
# Visual Studio Version 16
VisualStudioVersion = 16.0.31402.337
MinimumVisualStudioVersion = 10.0.40219.1
Project("{FAE04EC0-301F-11D3-BF4B-00C04F79EFBC}") = "TrainingManagement", "TrainingManagement\TrainingManagement.csproj", "{E0609924-B513-4D77-ACB2-DDA4FACAAFA2}"
EndProject
Global
	GlobalSection(SolutionConfigurationPlatforms) = preSolution
		Debug|Any CPU = Debug|Any CPU
		Release|Any CPU = Release|Any CPU
	EndGlobalSection
	GlobalSection(ProjectConfigurationPlatforms) = postSolution
		{E0609924-B513-4D77-ACB2-DDA4FACAAFA2}.Debug|Any CPU.ActiveCfg = Debug|Any CPU
		{E0609924-B513-4D77-ACB2-DDA4FACAAFA2}.Debug|Any CPU.Build.0 = Debug|Any CPU
		{E0609924-B513-4D77-ACB2-DDA4FACAAFA2}.Release|Any CPU.ActiveCfg = Release|Any CPU
		{E0609924-B513-4D77-ACB2-DDA4FACAAFA2}.Release|Any CPU.Build.0 = Release|Any CPU
	EndGlobalSection
	GlobalSection(SolutionProperties) = preSolution
		HideSolutionNode = FALSE
	EndGlobalSection
	GlobalSection(ExtensibilityGlobals) = postSolution
		SolutionGuid = {EAB13A7A-8943-4CD2-AC85-D49E043BF98B}
	EndGlobalSection
EndGlobal
